
Microsoft Visual Studio Solution File, Format Version 12.00
# Visual Studio Version 16
VisualStudioVersion = 16.0.31313.79
MinimumVisualStudioVersion = 10.0.40219.1
Project("{8BC9CEB8-8B4A-11D0-8D11-00A0C91BC942}") = "实验1（城市）", "算法实验\算法实验.vcxproj", "{3989500F-3893-40FC-AC01-2982BA275A6C}"
EndProject
Project("{8BC9CEB8-8B4A-11D0-8D11-00A0C91BC942}") = "实验1（约瑟夫）", "实验一（约瑟夫）\实验一（约瑟夫）.vcxproj", "{E043FAA1-57B7-4C1B-A974-0B0E94670C07}"
EndProject
Project("{8BC9CEB8-8B4A-11D0-8D11-00A0C91BC942}") = "实验2（数制转换）", "实验2（数制转换）\实验2（数制转换）.vcxproj", "{B6F3D01A-1536-4EE6-A735-85542E2D75D7}"
EndProject
Project("{8BC9CEB8-8B4A-11D0-8D11-00A0C91BC942}") = "实验2（括号匹配）", "实验二（括号匹配）\实验二（括号匹配）.vcxproj", "{D7623AAA-6AA6-4760-BE7D-5ACA74B3B85D}"
EndProject
Project("{8BC9CEB8-8B4A-11D0-8D11-00A0C91BC942}") = "实验2（停车场）", "实验2（停车场）\实验2（停车场）.vcxproj", "{620F33C3-4F50-4E75-8B04-BC640B5C2990}"
EndProject
Project("{8BC9CEB8-8B4A-11D0-8D11-00A0C91BC942}") = "实验2（停车场-栈共享空间）", "实验2（停车场-栈共享空间）\实验2（停车场-栈共享空间）.vcxproj", "{30947070-F381-4F24-850A-4700CCC6B446}"
EndProject
Project("{8BC9CEB8-8B4A-11D0-8D11-00A0C91BC942}") = "实验3（字符串匹配）", "实验3（字符串匹配）\实验3（字符串匹配）.vcxproj", "{0AD7FC90-FC76-4BF3-BA37-3CB7A7A346EF}"
EndProject
Project("{8BC9CEB8-8B4A-11D0-8D11-00A0C91BC942}") = "实验4（二叉树）", "实验4（二叉树）\实验4（二叉树）.vcxproj", "{471E3835-48DC-4C47-8F4D-74A5FD46492A}"
EndProject
Project("{8BC9CEB8-8B4A-11D0-8D11-00A0C91BC942}") = "Work04A", "Work04A\Work04A.vcxproj", "{3438E651-2DBE-431E-9168-E5D84967F0F5}"
EndProject
Project("{8BC9CEB8-8B4A-11D0-8D11-00A0C91BC942}") = "Work04B", "Work04B\Work04B.vcxproj", "{64DAA9B2-EE63-45BC-83DA-27429972CC31}"
EndProject
Project("{8BC9CEB8-8B4A-11D0-8D11-00A0C91BC942}") = "Work04C", "Work04C\Work04C.vcxproj", "{F15AAD5B-63C6-4DB6-9941-486390275AA9}"
EndProject
Project("{8BC9CEB8-8B4A-11D0-8D11-00A0C91BC942}") = "实验5 （图）", "图\图.vcxproj", "{FE56DE4F-A2CE-41C7-95F8-E66C43152FE5}"
EndProject
Project("{8BC9CEB8-8B4A-11D0-8D11-00A0C91BC942}") = "实验6（查找）", "实验6（查找）\实验6（查找）.vcxproj", "{8FDE22D3-B4F6-4967-96F3-0348B6F0C21B}"
EndProject
Project("{8BC9CEB8-8B4A-11D0-8D11-00A0C91BC942}") = "实验6（哈希）", "实验6（哈希）\实验6（哈希）.vcxproj", "{EEE04F9B-72AF-456B-AFDE-C8D2202AD5C1}"
EndProject
Project("{8BC9CEB8-8B4A-11D0-8D11-00A0C91BC942}") = "实验7（排序比较）", "实验7（排序比较）\实验7（排序比较）.vcxproj", "{4128A879-E385-4EC3-82AB-20598AEC5217}"
EndProject
Project("{8BC9CEB8-8B4A-11D0-8D11-00A0C91BC942}") = "实验7（成绩）", "Project1\Project1.vcxproj", "{EDEE343F-DD9E-437C-8A47-7E6876253A7E}"
EndProject
Global
	GlobalSection(SolutionConfigurationPlatforms) = preSolution
		Debug|x64 = Debug|x64
		Debug|x86 = Debug|x86
		Release|x64 = Release|x64
		Release|x86 = Release|x86
	EndGlobalSection
	GlobalSection(ProjectConfigurationPlatforms) = postSolution
		{3989500F-3893-40FC-AC01-2982BA275A6C}.Debug|x64.ActiveCfg = Debug|x64
		{3989500F-3893-40FC-AC01-2982BA275A6C}.Debug|x64.Build.0 = Debug|x64
		{3989500F-3893-40FC-AC01-2982BA275A6C}.Debug|x86.ActiveCfg = Debug|Win32
		{3989500F-3893-40FC-AC01-2982BA275A6C}.Debug|x86.Build.0 = Debug|Win32
		{3989500F-3893-40FC-AC01-2982BA275A6C}.Release|x64.ActiveCfg = Release|x64
		{3989500F-3893-40FC-AC01-2982BA275A6C}.Release|x64.Build.0 = Release|x64
		{3989500F-3893-40FC-AC01-2982BA275A6C}.Release|x86.ActiveCfg = Release|Win32
		{3989500F-3893-40FC-AC01-2982BA275A6C}.Release|x86.Build.0 = Release|Win32
		{E043FAA1-57B7-4C1B-A974-0B0E94670C07}.Debug|x64.ActiveCfg = Debug|x64
		{E043FAA1-57B7-4C1B-A974-0B0E94670C07}.Debug|x64.Build.0 = Debug|x64
		{E043FAA1-57B7-4C1B-A974-0B0E94670C07}.Debug|x86.ActiveCfg = Debug|Win32
		{E043FAA1-57B7-4C1B-A974-0B0E94670C07}.Debug|x86.Build.0 = Debug|Win32
		{E043FAA1-57B7-4C1B-A974-0B0E94670C07}.Release|x64.ActiveCfg = Release|x64
		{E043FAA1-57B7-4C1B-A974-0B0E94670C07}.Release|x64.Build.0 = Release|x64
		{E043FAA1-57B7-4C1B-A974-0B0E94670C07}.Release|x86.ActiveCfg = Release|Win32
		{E043FAA1-57B7-4C1B-A974-0B0E94670C07}.Release|x86.Build.0 = Release|Win32
		{B6F3D01A-1536-4EE6-A735-85542E2D75D7}.Debug|x64.ActiveCfg = Debug|x64
		{B6F3D01A-1536-4EE6-A735-85542E2D75D7}.Debug|x64.Build.0 = Debug|x64
		{B6F3D01A-1536-4EE6-A735-85542E2D75D7}.Debug|x86.ActiveCfg = Debug|Win32
		{B6F3D01A-1536-4EE6-A735-85542E2D75D7}.Debug|x86.Build.0 = Debug|Win32
		{B6F3D01A-1536-4EE6-A735-85542E2D75D7}.Release|x64.ActiveCfg = Release|x64
		{B6F3D01A-1536-4EE6-A735-85542E2D75D7}.Release|x64.Build.0 = Release|x64
		{B6F3D01A-1536-4EE6-A735-85542E2D75D7}.Release|x86.ActiveCfg = Release|Win32
		{B6F3D01A-1536-4EE6-A735-85542E2D75D7}.Release|x86.Build.0 = Release|Win32
		{D7623AAA-6AA6-4760-BE7D-5ACA74B3B85D}.Debug|x64.ActiveCfg = Debug|x64
		{D7623AAA-6AA6-4760-BE7D-5ACA74B3B85D}.Debug|x64.Build.0 = Debug|x64
		{D7623AAA-6AA6-4760-BE7D-5ACA74B3B85D}.Debug|x86.ActiveCfg = Debug|Win32
		{D7623AAA-6AA6-4760-BE7D-5ACA74B3B85D}.Debug|x86.Build.0 = Debug|Win32
		{D7623AAA-6AA6-4760-BE7D-5ACA74B3B85D}.Release|x64.ActiveCfg = Release|x64
		{D7623AAA-6AA6-4760-BE7D-5ACA74B3B85D}.Release|x64.Build.0 = Release|x64
		{D7623AAA-6AA6-4760-BE7D-5ACA74B3B85D}.Release|x86.ActiveCfg = Release|Win32
		{D7623AAA-6AA6-4760-BE7D-5ACA74B3B85D}.Release|x86.Build.0 = Release|Win32
		{620F33C3-4F50-4E75-8B04-BC640B5C2990}.Debug|x64.ActiveCfg = Debug|x64
		{620F33C3-4F50-4E75-8B04-BC640B5C2990}.Debug|x64.Build.0 = Debug|x64
		{620F33C3-4F50-4E75-8B04-BC640B5C2990}.Debug|x86.ActiveCfg = Debug|Win32
		{620F33C3-4F50-4E75-8B04-BC640B5C2990}.Debug|x86.Build.0 = Debug|Win32
		{620F33C3-4F50-4E75-8B04-BC640B5C2990}.Release|x64.ActiveCfg = Release|x64
		{620F33C3-4F50-4E75-8B04-BC640B5C2990}.Release|x64.Build.0 = Release|x64
		{620F33C3-4F50-4E75-8B04-BC640B5C2990}.Release|x86.ActiveCfg = Release|Win32
		{620F33C3-4F50-4E75-8B04-BC640B5C2990}.Release|x86.Build.0 = Release|Win32
		{30947070-F381-4F24-850A-4700CCC6B446}.Debug|x64.ActiveCfg = Debug|x64
		{30947070-F381-4F24-850A-4700CCC6B446}.Debug|x64.Build.0 = Debug|x64
		{30947070-F381-4F24-850A-4700CCC6B446}.Debug|x86.ActiveCfg = Debug|Win32
		{30947070-F381-4F24-850A-4700CCC6B446}.Debug|x86.Build.0 = Debug|Win32
		{30947070-F381-4F24-850A-4700CCC6B446}.Release|x64.ActiveCfg = Release|x64
		{30947070-F381-4F24-850A-4700CCC6B446}.Release|x64.Build.0 = Release|x64
		{30947070-F381-4F24-850A-4700CCC6B446}.Release|x86.ActiveCfg = Release|Win32
		{30947070-F381-4F24-850A-4700CCC6B446}.Release|x86.Build.0 = Release|Win32
		{0AD7FC90-FC76-4BF3-BA37-3CB7A7A346EF}.Debug|x64.ActiveCfg = Debug|x64
		{0AD7FC90-FC76-4BF3-BA37-3CB7A7A346EF}.Debug|x64.Build.0 = Debug|x64
		{0AD7FC90-FC76-4BF3-BA37-3CB7A7A346EF}.Debug|x86.ActiveCfg = Debug|Win32
		{0AD7FC90-FC76-4BF3-BA37-3CB7A7A346EF}.Debug|x86.Build.0 = Debug|Win32
		{0AD7FC90-FC76-4BF3-BA37-3CB7A7A346EF}.Release|x64.ActiveCfg = Release|x64
		{0AD7FC90-FC76-4BF3-BA37-3CB7A7A346EF}.Release|x64.Build.0 = Release|x64
		{0AD7FC90-FC76-4BF3-BA37-3CB7A7A346EF}.Release|x86.ActiveCfg = Release|Win32
		{0AD7FC90-FC76-4BF3-BA37-3CB7A7A346EF}.Release|x86.Build.0 = Release|Win32
		{471E3835-48DC-4C47-8F4D-74A5FD46492A}.Debug|x64.ActiveCfg = Debug|x64
		{471E3835-48DC-4C47-8F4D-74A5FD46492A}.Debug|x64.Build.0 = Debug|x64
		{471E3835-48DC-4C47-8F4D-74A5FD46492A}.Debug|x86.ActiveCfg = Debug|Win32
		{471E3835-48DC-4C47-8F4D-74A5FD46492A}.Debug|x86.Build.0 = Debug|Win32
		{471E3835-48DC-4C47-8F4D-74A5FD46492A}.Release|x64.ActiveCfg = Release|x64
		{471E3835-48DC-4C47-8F4D-74A5FD46492A}.Release|x64.Build.0 = Release|x64
		{471E3835-48DC-4C47-8F4D-74A5FD46492A}.Release|x86.ActiveCfg = Release|Win32
		{471E3835-48DC-4C47-8F4D-74A5FD46492A}.Release|x86.Build.0 = Release|Win32
		{3438E651-2DBE-431E-9168-E5D84967F0F5}.Debug|x64.ActiveCfg = Debug|x64
		{3438E651-2DBE-431E-9168-E5D84967F0F5}.Debug|x64.Build.0 = Debug|x64
		{3438E651-2DBE-431E-9168-E5D84967F0F5}.Debug|x86.ActiveCfg = Debug|Win32
		{3438E651-2DBE-431E-9168-E5D84967F0F5}.Debug|x86.Build.0 = Debug|Win32
		{3438E651-2DBE-431E-9168-E5D84967F0F5}.Release|x64.ActiveCfg = Release|x64
		{3438E651-2DBE-431E-9168-E5D84967F0F5}.Release|x64.Build.0 = Release|x64
		{3438E651-2DBE-431E-9168-E5D84967F0F5}.Release|x86.ActiveCfg = Release|Win32
		{3438E651-2DBE-431E-9168-E5D84967F0F5}.Release|x86.Build.0 = Release|Win32
		{64DAA9B2-EE63-45BC-83DA-27429972CC31}.Debug|x64.ActiveCfg = Debug|x64
		{64DAA9B2-EE63-45BC-83DA-27429972CC31}.Debug|x64.Build.0 = Debug|x64
		{64DAA9B2-EE63-45BC-83DA-27429972CC31}.Debug|x86.ActiveCfg = Debug|Win32
		{64DAA9B2-EE63-45BC-83DA-27429972CC31}.Debug|x86.Build.0 = Debug|Win32
		{64DAA9B2-EE63-45BC-83DA-27429972CC31}.Release|x64.ActiveCfg = Release|x64
		{64DAA9B2-EE63-45BC-83DA-27429972CC31}.Release|x64.Build.0 = Release|x64
		{64DAA9B2-EE63-45BC-83DA-27429972CC31}.Release|x86.ActiveCfg = Release|Win32
		{64DAA9B2-EE63-45BC-83DA-27429972CC31}.Release|x86.Build.0 = Release|Win32
		{F15AAD5B-63C6-4DB6-9941-486390275AA9}.Debug|x64.ActiveCfg = Debug|x64
		{F15AAD5B-63C6-4DB6-9941-486390275AA9}.Debug|x64.Build.0 = Debug|x64
		{F15AAD5B-63C6-4DB6-9941-486390275AA9}.Debug|x86.ActiveCfg = Debug|Win32
		{F15AAD5B-63C6-4DB6-9941-486390275AA9}.Debug|x86.Build.0 = Debug|Win32
		{F15AAD5B-63C6-4DB6-9941-486390275AA9}.Release|x64.ActiveCfg = Release|x64
		{F15AAD5B-63C6-4DB6-9941-486390275AA9}.Release|x64.Build.0 = Release|x64
		{F15AAD5B-63C6-4DB6-9941-486390275AA9}.Release|x86.ActiveCfg = Release|Win32
		{F15AAD5B-63C6-4DB6-9941-486390275AA9}.Release|x86.Build.0 = Release|Win32
		{FE56DE4F-A2CE-41C7-95F8-E66C43152FE5}.Debug|x64.ActiveCfg = Debug|x64
		{FE56DE4F-A2CE-41C7-95F8-E66C43152FE5}.Debug|x64.Build.0 = Debug|x64
		{FE56DE4F-A2CE-41C7-95F8-E66C43152FE5}.Debug|x86.ActiveCfg = Debug|Win32
		{FE56DE4F-A2CE-41C7-95F8-E66C43152FE5}.Debug|x86.Build.0 = Debug|Win32
		{FE56DE4F-A2CE-41C7-95F8-E66C43152FE5}.Release|x64.ActiveCfg = Release|x64
		{FE56DE4F-A2CE-41C7-95F8-E66C43152FE5}.Release|x64.Build.0 = Release|x64
		{FE56DE4F-A2CE-41C7-95F8-E66C43152FE5}.Release|x86.ActiveCfg = Release|Win32
		{FE56DE4F-A2CE-41C7-95F8-E66C43152FE5}.Release|x86.Build.0 = Release|Win32
		{8FDE22D3-B4F6-4967-96F3-0348B6F0C21B}.Debug|x64.ActiveCfg = Debug|x64
		{8FDE22D3-B4F6-4967-96F3-0348B6F0C21B}.Debug|x64.Build.0 = Debug|x64
		{8FDE22D3-B4F6-4967-96F3-0348B6F0C21B}.Debug|x86.ActiveCfg = Debug|Win32
		{8FDE22D3-B4F6-4967-96F3-0348B6F0C21B}.Debug|x86.Build.0 = Debug|Win32
		{8FDE22D3-B4F6-4967-96F3-0348B6F0C21B}.Release|x64.ActiveCfg = Release|x64
		{8FDE22D3-B4F6-4967-96F3-0348B6F0C21B}.Release|x64.Build.0 = Release|x64
		{8FDE22D3-B4F6-4967-96F3-0348B6F0C21B}.Release|x86.ActiveCfg = Release|Win32
		{8FDE22D3-B4F6-4967-96F3-0348B6F0C21B}.Release|x86.Build.0 = Release|Win32
		{EEE04F9B-72AF-456B-AFDE-C8D2202AD5C1}.Debug|x64.ActiveCfg = Debug|x64
		{EEE04F9B-72AF-456B-AFDE-C8D2202AD5C1}.Debug|x64.Build.0 = Debug|x64
		{EEE04F9B-72AF-456B-AFDE-C8D2202AD5C1}.Debug|x86.ActiveCfg = Debug|Win32
		{EEE04F9B-72AF-456B-AFDE-C8D2202AD5C1}.Debug|x86.Build.0 = Debug|Win32
		{EEE04F9B-72AF-456B-AFDE-C8D2202AD5C1}.Release|x64.ActiveCfg = Release|x64
		{EEE04F9B-72AF-456B-AFDE-C8D2202AD5C1}.Release|x64.Build.0 = Release|x64
		{EEE04F9B-72AF-456B-AFDE-C8D2202AD5C1}.Release|x86.ActiveCfg = Release|Win32
		{EEE04F9B-72AF-456B-AFDE-C8D2202AD5C1}.Release|x86.Build.0 = Release|Win32
		{4128A879-E385-4EC3-82AB-20598AEC5217}.Debug|x64.ActiveCfg = Debug|x64
		{4128A879-E385-4EC3-82AB-20598AEC5217}.Debug|x64.Build.0 = Debug|x64
		{4128A879-E385-4EC3-82AB-20598AEC5217}.Debug|x86.ActiveCfg = Debug|Win32
		{4128A879-E385-4EC3-82AB-20598AEC5217}.Debug|x86.Build.0 = Debug|Win32
		{4128A879-E385-4EC3-82AB-20598AEC5217}.Release|x64.ActiveCfg = Release|x64
		{4128A879-E385-4EC3-82AB-20598AEC5217}.Release|x64.Build.0 = Release|x64
		{4128A879-E385-4EC3-82AB-20598AEC5217}.Release|x86.ActiveCfg = Release|Win32
		{4128A879-E385-4EC3-82AB-20598AEC5217}.Release|x86.Build.0 = Release|Win32
		{EDEE343F-DD9E-437C-8A47-7E6876253A7E}.Debug|x64.ActiveCfg = Debug|x64
		{EDEE343F-DD9E-437C-8A47-7E6876253A7E}.Debug|x64.Build.0 = Debug|x64
		{EDEE343F-DD9E-437C-8A47-7E6876253A7E}.Debug|x86.ActiveCfg = Debug|Win32
		{EDEE343F-DD9E-437C-8A47-7E6876253A7E}.Debug|x86.Build.0 = Debug|Win32
		{EDEE343F-DD9E-437C-8A47-7E6876253A7E}.Release|x64.ActiveCfg = Release|x64
		{EDEE343F-DD9E-437C-8A47-7E6876253A7E}.Release|x64.Build.0 = Release|x64
		{EDEE343F-DD9E-437C-8A47-7E6876253A7E}.Release|x86.ActiveCfg = Release|Win32
		{EDEE343F-DD9E-437C-8A47-7E6876253A7E}.Release|x86.Build.0 = Release|Win32
	EndGlobalSection
	GlobalSection(SolutionProperties) = preSolution
		HideSolutionNode = FALSE
	EndGlobalSection
	GlobalSection(ExtensibilityGlobals) = postSolution
		SolutionGuid = {F1D04D10-89EE-4980-838B-91F001400D27}
	EndGlobalSection
EndGlobal
